{
  "nodes": {
    "nixpkgs": {
      "locked": {
        "lastModified": 1717217999,
        "narHash": "sha256-1ZqE7gtYFD3Q4SQtPaXn9UKaPIsi5ezrIL9cGnPPST0=",
        "owner": "NixOS",
        "repo": "nixpkgs",
        "rev": "c682f2b49174b49107bab2868973a363437730b9",
        "type": "github"
      },
      "original": {
        "owner": "NixOS",
        "ref": "pull/316334/head",
        "repo": "nixpkgs",
        "type": "github"
      }
    },
    "root": {
      "inputs": {
        "nixpkgs": "nixpkgs"
      }
    }
  },
  "root": "root",
  "version": 7
}
