{
  "nodes": {
    "nixpkgs": {
      "locked": {
        "lastModified": 1729239757,
        "narHash": "sha256-P+7UqhgO1buhOnGQk3af8aGpFhhioeSNHzkatjJ8OgI=",
        "owner": "jcaesar",
        "repo": "fork2pr-nixpkgs",
        "rev": "c8c8affbea8dbbb2bf191f535302f3924e938a66",
        "type": "github"
      },
      "original": {
        "owner": "jcaesar",
        "ref": "pr-21",
        "repo": "fork2pr-nixpkgs",
        "type": "github"
      }
    },
    "root": {
      "inputs": {
        "nixpkgs": "nixpkgs"
      }
    }
  },
  "root": "root",
  "version": 7
}
