{
  "nodes": {
    "nixpkgs": {
      "locked": {
        "lastModified": 0,
        "narHash": "sha256-BjVICjw4FQJ9MxJV1G3Df7PoiByYbeLVDympQIzNNcg=",
        "path": "/nix/store/mzxd9sjqsa5828ag2arhj78nqasyxbbc-source",
        "type": "path"
      },
      "original": {
        "id": "nixpkgs",
        "type": "indirect"
      }
    },
    "root": {
      "inputs": {
        "nixpkgs": "nixpkgs"
      }
    }
  },
  "root": "root",
  "version": 7
}
